
Microsoft Visual Studio Solution File, Format Version 12.00
# Visual Studio Version 17
VisualStudioVersion = 17.3.32825.248
MinimumVisualStudioVersion = 10.0.40219.1
Project("{FAE04EC0-301F-11D3-BF4B-00C04F79EFBC}") = "FinalProject", "FinalProject.csproj", "{5676A824-6F70-4960-91EE-1F1C9CFB0128}"
EndProject
Global
	GlobalSection(SolutionConfigurationPlatforms) = preSolution
		Debug|Any CPU = Debug|Any CPU
		Release|Any CPU = Release|Any CPU
	EndGlobalSection
	GlobalSection(ProjectConfigurationPlatforms) = postSolution
		{5676A824-6F70-4960-91EE-1F1C9CFB0128}.Debug|Any CPU.ActiveCfg = Debug|Any CPU
		{5676A824-6F70-4960-91EE-1F1C9CFB0128}.Debug|Any CPU.Build.0 = Debug|Any CPU
		{5676A824-6F70-4960-91EE-1F1C9CFB0128}.Release|Any CPU.ActiveCfg = Release|Any CPU
		{5676A824-6F70-4960-91EE-1F1C9CFB0128}.Release|Any CPU.Build.0 = Release|Any CPU
	EndGlobalSection
	GlobalSection(SolutionProperties) = preSolution
		HideSolutionNode = FALSE
	EndGlobalSection
	GlobalSection(ExtensibilityGlobals) = postSolution
		SolutionGuid = {F4033D78-8626-4494-8C65-F1346D1B5529}
	EndGlobalSection
EndGlobal
